<?xml version="1.0" encoding="utf-8"?>
<Project ToolsVersion="4.0" xmlns="http://schemas.microsoft.com/developer/msbuild/2003">
  <ItemGroup>
    <Filter Include="Source Files">
      <UniqueIdentifier>{4FC737F1-C7A5-4376-A066-2A32D752A2FF}</UniqueIdentifier>
      <Extensions>cpp;c;cc;cxx;def;odl;idl;hpj;bat;asm;asmx</Extensions>
    </Filter>
    <Filter Include="Header Files">
      <UniqueIdentifier>{93995380-89BD-4b04-88EB-625FBE52EBFB}</UniqueIdentifier>
      <Extensions>h;hh;hpp;hxx;hm;inl;inc;xsd</Extensions>
    </Filter>
    <Filter Include="Resource Files">
      <UniqueIdentifier>{67DA6AB6-F800-4c08-8B7A-83BB121AAD01}</UniqueIdentifier>
      <Extensions>rc;ico;cur;bmp;dlg;rc2;rct;bin;rgs;gif;jpg;jpeg;jpe;resx;tiff;tif;png;wav;mfcribbon-ms</Extensions>
    </Filter>
    <Filter Include="Header Files\BubbleTypes">
      <UniqueIdentifier>{eefa1bff-f69e-4dd6-ac56-0635b331986f}</UniqueIdentifier>
    </Filter>
    <Filter Include="Header Files\BubbleRendering">
      <UniqueIdentifier>{73f0ff35-5945-4b9b-8a03-0a31ac90b58d}</UniqueIdentifier>
    </Filter>
    <Filter Include="Source Files\Bubbble Rendering">
      <UniqueIdentifier>{2a42a61b-fd82-454a-8881-abfd87663723}</UniqueIdentifier>
    </Filter>
    <Filter Include="Source Files\Bubble Types">
      <UniqueIdentifier>{dedacf38-7191-4170-a5a0-8979a961b3fd}</UniqueIdentifier>
    </Filter>
  </ItemGroup>
  <ItemGroup>
    <ClCompile Include="Main.cpp">
      <Filter>Source Files</Filter>
    </ClCompile>
    <ClCompile Include="cGameEngine.cpp">
      <Filter>Source Files</Filter>
    </ClCompile>
    <ClCompile Include="cFirePopBubble.cpp">
      <Filter>Source Files\Bubble Types</Filter>
    </ClCompile>
    <ClCompile Include="cMatchColorBubble.cpp">
      <Filter>Source Files\Bubble Types</Filter>
    </ClCompile>
    <ClCompile Include="cRandomColorBubble.cpp">
      <Filter>Source Files\Bubble Types</Filter>
    </ClCompile>
    <ClCompile Include="cRegularBubble.cpp">
      <Filter>Source Files\Bubble Types</Filter>
    </ClCompile>
    <ClCompile Include="cPopAllSameColorBubble.cpp">
      <Filter>Source Files\Bubble Types</Filter>
    </ClCompile>
    <ClCompile Include="cStaticBubble.cpp">
      <Filter>Source Files\Bubble Types</Filter>
    </ClCompile>
    <ClCompile Include="cArrow.cpp">
      <Filter>Source Files\Bubbble Rendering</Filter>
    </ClCompile>
    <ClCompile Include="cBubble.cpp">
      <Filter>Source Files\Bubbble Rendering</Filter>
    </ClCompile>
    <ClCompile Include="cBubblePhysics.cpp">
      <Filter>Source Files\Bubbble Rendering</Filter>
    </ClCompile>
    <ClCompile Include="cRender.cpp">
      <Filter>Source Files\Bubbble Rendering</Filter>
    </ClCompile>
  </ItemGroup>
  <ItemGroup>
    <ClInclude Include="cFirePopBubble.h">
      <Filter>Header Files\BubbleTypes</Filter>
    </ClInclude>
    <ClInclude Include="cMatchColorBubble.h">
      <Filter>Header Files\BubbleTypes</Filter>
    </ClInclude>
    <ClInclude Include="cPopAllSameColorBubble.h">
      <Filter>Header Files\BubbleTypes</Filter>
    </ClInclude>
    <ClInclude Include="cRandomColorBubble.h">
      <Filter>Header Files\BubbleTypes</Filter>
    </ClInclude>
    <ClInclude Include="cRegularBubble.h">
      <Filter>Header Files\BubbleTypes</Filter>
    </ClInclude>
    <ClInclude Include="cArrow.h">
      <Filter>Header Files\BubbleRendering</Filter>
    </ClInclude>
    <ClInclude Include="cBubble.h">
      <Filter>Header Files\BubbleRendering</Filter>
    </ClInclude>
    <ClInclude Include="cBubblePhysics.h">
      <Filter>Header Files\BubbleRendering</Filter>
    </ClInclude>
    <ClInclude Include="cRender.h">
      <Filter>Header Files\BubbleRendering</Filter>
    </ClInclude>
    <ClInclude Include="cStaticBubble.h">
      <Filter>Header Files\BubbleTypes</Filter>
    </ClInclude>
    <ClInclude Include="cGameEngine.h">
      <Filter>Header Files</Filter>
    </ClInclude>
  </ItemGroup>
</Project>